// !$*UTF8*$!
{
	archiveVersion = 1;
	classes = {
	};
	objectVersion = 56;
	objects = {

/* Begin PBXBuildFile section */
		AB304E1A2C296E0E00DC94D6 /* OnlineGroceriesApp.swift in Sources */ = {isa = PBXBuildFile; fileRef = AB304E192C296E0E00DC94D6 /* OnlineGroceriesApp.swift */; };
		AB304E1E2C296E1000DC94D6 /* Assets.xcassets in Resources */ = {isa = PBXBuildFile; fileRef = AB304E1D2C296E1000DC94D6 /* Assets.xcassets */; };
		AB304E212C296E1000DC94D6 /* Preview Assets.xcassets in Resources */ = {isa = PBXBuildFile; fileRef = AB304E202C296E1000DC94D6 /* Preview Assets.xcassets */; };
		AB304E352C29709D00DC94D6 /* Gilroy-Medium.ttf in Resources */ = {isa = PBXBuildFile; fileRef = AB304E312C29709D00DC94D6 /* Gilroy-Medium.ttf */; };
		AB304E362C29709D00DC94D6 /* Gilroy-Regular.ttf in Resources */ = {isa = PBXBuildFile; fileRef = AB304E322C29709D00DC94D6 /* Gilroy-Regular.ttf */; };
		AB304E372C29709D00DC94D6 /* Gilroy-SemiBold.ttf in Resources */ = {isa = PBXBuildFile; fileRef = AB304E332C29709D00DC94D6 /* Gilroy-SemiBold.ttf */; };
		AB304E382C29709D00DC94D6 /* Gilroy-Bold.ttf in Resources */ = {isa = PBXBuildFile; fileRef = AB304E342C29709D00DC94D6 /* Gilroy-Bold.ttf */; };
		AB304E402C29723200DC94D6 /* WelcomeView.swift in Sources */ = {isa = PBXBuildFile; fileRef = AB304E3F2C29723200DC94D6 /* WelcomeView.swift */; };
		AB304E422C29727700DC94D6 /* Launch Screen.storyboard in Resources */ = {isa = PBXBuildFile; fileRef = AB304E412C29727700DC94D6 /* Launch Screen.storyboard */; };
		AB304E442C29763700DC94D6 /* UIExtension.swift in Sources */ = {isa = PBXBuildFile; fileRef = AB304E432C29763700DC94D6 /* UIExtension.swift */; };
		AB304E462C297B5900DC94D6 /* RoundButton.swift in Sources */ = {isa = PBXBuildFile; fileRef = AB304E452C297B5900DC94D6 /* RoundButton.swift */; };
		AB304E482C297CFE00DC94D6 /* SignInView.swift in Sources */ = {isa = PBXBuildFile; fileRef = AB304E472C297CFE00DC94D6 /* SignInView.swift */; };
		AB304E4B2C29830100DC94D6 /* CountryPicker in Frameworks */ = {isa = PBXBuildFile; productRef = AB304E4A2C29830100DC94D6 /* CountryPicker */; };
		AB304E4D2C29837200DC94D6 /* CountryPickerUI.swift in Sources */ = {isa = PBXBuildFile; fileRef = AB304E4C2C29837200DC94D6 /* CountryPickerUI.swift */; };
/* End PBXBuildFile section */

/* Begin PBXFileReference section */
		AB304E162C296E0E00DC94D6 /* OnlineGroceries.app */ = {isa = PBXFileReference; explicitFileType = wrapper.application; includeInIndex = 0; path = OnlineGroceries.app; sourceTree = BUILT_PRODUCTS_DIR; };
		AB304E192C296E0E00DC94D6 /* OnlineGroceriesApp.swift */ = {isa = PBXFileReference; lastKnownFileType = sourcecode.swift; path = OnlineGroceriesApp.swift; sourceTree = "<group>"; };
		AB304E1D2C296E1000DC94D6 /* Assets.xcassets */ = {isa = PBXFileReference; lastKnownFileType = folder.assetcatalog; path = Assets.xcassets; sourceTree = "<group>"; };
		AB304E202C296E1000DC94D6 /* Preview Assets.xcassets */ = {isa = PBXFileReference; lastKnownFileType = folder.assetcatalog; path = "Preview Assets.xcassets"; sourceTree = "<group>"; };
		AB304E312C29709D00DC94D6 /* Gilroy-Medium.ttf */ = {isa = PBXFileReference; lastKnownFileType = file; path = "Gilroy-Medium.ttf"; sourceTree = "<group>"; };
		AB304E322C29709D00DC94D6 /* Gilroy-Regular.ttf */ = {isa = PBXFileReference; lastKnownFileType = file; path = "Gilroy-Regular.ttf"; sourceTree = "<group>"; };
		AB304E332C29709D00DC94D6 /* Gilroy-SemiBold.ttf */ = {isa = PBXFileReference; lastKnownFileType = file; path = "Gilroy-SemiBold.ttf"; sourceTree = "<group>"; };
		AB304E342C29709D00DC94D6 /* Gilroy-Bold.ttf */ = {isa = PBXFileReference; lastKnownFileType = file; path = "Gilroy-Bold.ttf"; sourceTree = "<group>"; };
		AB304E392C29710700DC94D6 /* Info.plist */ = {isa = PBXFileReference; lastKnownFileType = text.plist; path = Info.plist; sourceTree = "<group>"; };
		AB304E3F2C29723200DC94D6 /* WelcomeView.swift */ = {isa = PBXFileReference; lastKnownFileType = sourcecode.swift; path = WelcomeView.swift; sourceTree = "<group>"; };
		AB304E412C29727700DC94D6 /* Launch Screen.storyboard */ = {isa = PBXFileReference; lastKnownFileType = file.storyboard; path = "Launch Screen.storyboard"; sourceTree = "<group>"; };
		AB304E432C29763700DC94D6 /* UIExtension.swift */ = {isa = PBXFileReference; lastKnownFileType = sourcecode.swift; path = UIExtension.swift; sourceTree = "<group>"; };
		AB304E452C297B5900DC94D6 /* RoundButton.swift */ = {isa = PBXFileReference; lastKnownFileType = sourcecode.swift; path = RoundButton.swift; sourceTree = "<group>"; };
		AB304E472C297CFE00DC94D6 /* SignInView.swift */ = {isa = PBXFileReference; lastKnownFileType = sourcecode.swift; path = SignInView.swift; sourceTree = "<group>"; };
		AB304E4C2C29837200DC94D6 /* CountryPickerUI.swift */ = {isa = PBXFileReference; lastKnownFileType = sourcecode.swift; path = CountryPickerUI.swift; sourceTree = "<group>"; };
/* End PBXFileReference section */

/* Begin PBXFrameworksBuildPhase section */
		AB304E132C296E0E00DC94D6 /* Frameworks */ = {
			isa = PBXFrameworksBuildPhase;
			buildActionMask = 2147483647;
			files = (
				AB304E4B2C29830100DC94D6 /* CountryPicker in Frameworks */,
			);
			runOnlyForDeploymentPostprocessing = 0;
		};
/* End PBXFrameworksBuildPhase section */

/* Begin PBXGroup section */
		AB304E0D2C296E0E00DC94D6 = {
			isa = PBXGroup;
			children = (
				AB304E182C296E0E00DC94D6 /* OnlineGroceries */,
				AB304E172C296E0E00DC94D6 /* Products */,
			);
			sourceTree = "<group>";
		};
		AB304E172C296E0E00DC94D6 /* Products */ = {
			isa = PBXGroup;
			children = (
				AB304E162C296E0E00DC94D6 /* OnlineGroceries.app */,
			);
			name = Products;
			sourceTree = "<group>";
		};
		AB304E182C296E0E00DC94D6 /* OnlineGroceries */ = {
			isa = PBXGroup;
			children = (
				AB304E3D2C2971F400DC94D6 /* UICommon */,
				AB304E3C2C2971D000DC94D6 /* ViewModel */,
				AB304E3B2C2971CA00DC94D6 /* Model */,
				AB304E3A2C2971C400DC94D6 /* View */,
				AB304E392C29710700DC94D6 /* Info.plist */,
				AB304E282C296F4100DC94D6 /* font */,
				AB304E192C296E0E00DC94D6 /* OnlineGroceriesApp.swift */,
				AB304E1D2C296E1000DC94D6 /* Assets.xcassets */,
				AB304E1F2C296E1000DC94D6 /* Preview Content */,
				AB304E412C29727700DC94D6 /* Launch Screen.storyboard */,
			);
			path = OnlineGroceries;
			sourceTree = "<group>";
		};
		AB304E1F2C296E1000DC94D6 /* Preview Content */ = {
			isa = PBXGroup;
			children = (
				AB304E202C296E1000DC94D6 /* Preview Assets.xcassets */,
			);
			path = "Preview Content";
			sourceTree = "<group>";
		};
		AB304E282C296F4100DC94D6 /* font */ = {
			isa = PBXGroup;
			children = (
				AB304E342C29709D00DC94D6 /* Gilroy-Bold.ttf */,
				AB304E312C29709D00DC94D6 /* Gilroy-Medium.ttf */,
				AB304E322C29709D00DC94D6 /* Gilroy-Regular.ttf */,
				AB304E332C29709D00DC94D6 /* Gilroy-SemiBold.ttf */,
			);
			path = font;
			sourceTree = "<group>";
		};
		AB304E3A2C2971C400DC94D6 /* View */ = {
			isa = PBXGroup;
			children = (
				AB304E3E2C29722000DC94D6 /* Login */,
			);
			path = View;
			sourceTree = "<group>";
		};
		AB304E3B2C2971CA00DC94D6 /* Model */ = {
			isa = PBXGroup;
			children = (
			);
			path = Model;
			sourceTree = "<group>";
		};
		AB304E3C2C2971D000DC94D6 /* ViewModel */ = {
			isa = PBXGroup;
			children = (
			);
			path = ViewModel;
			sourceTree = "<group>";
		};
		AB304E3D2C2971F400DC94D6 /* UICommon */ = {
			isa = PBXGroup;
			children = (
				AB304E432C29763700DC94D6 /* UIExtension.swift */,
				AB304E452C297B5900DC94D6 /* RoundButton.swift */,
				AB304E4C2C29837200DC94D6 /* CountryPickerUI.swift */,
			);
			path = UICommon;
			sourceTree = "<group>";
		};
		AB304E3E2C29722000DC94D6 /* Login */ = {
			isa = PBXGroup;
			children = (
				AB304E3F2C29723200DC94D6 /* WelcomeView.swift */,
				AB304E472C297CFE00DC94D6 /* SignInView.swift */,
			);
			path = Login;
			sourceTree = "<group>";
		};
/* End PBXGroup section */

/* Begin PBXNativeTarget section */
		AB304E152C296E0E00DC94D6 /* OnlineGroceries */ = {
			isa = PBXNativeTarget;
			buildConfigurationList = AB304E242C296E1000DC94D6 /* Build configuration list for PBXNativeTarget "OnlineGroceries" */;
			buildPhases = (
				AB304E122C296E0E00DC94D6 /* Sources */,
				AB304E132C296E0E00DC94D6 /* Frameworks */,
				AB304E142C296E0E00DC94D6 /* Resources */,
			);
			buildRules = (
			);
			dependencies = (
			);
			name = OnlineGroceries;
			packageProductDependencies = (
				AB304E4A2C29830100DC94D6 /* CountryPicker */,
			);
			productName = OnlineGroceries;
			productReference = AB304E162C296E0E00DC94D6 /* OnlineGroceries.app */;
			productType = "com.apple.product-type.application";
		};
/* End PBXNativeTarget section */

/* Begin PBXProject section */
		AB304E0E2C296E0E00DC94D6 /* Project object */ = {
			isa = PBXProject;
			attributes = {
				BuildIndependentTargetsInParallel = 1;
				LastSwiftUpdateCheck = 1430;
				LastUpgradeCheck = 1430;
				TargetAttributes = {
					AB304E152C296E0E00DC94D6 = {
						CreatedOnToolsVersion = 14.3.1;
					};
				};
			};
			buildConfigurationList = AB304E112C296E0E00DC94D6 /* Build configuration list for PBXProject "OnlineGroceries" */;
			compatibilityVersion = "Xcode 14.0";
			developmentRegion = en;
			hasScannedForEncodings = 0;
			knownRegions = (
				en,
				Base,
			);
			mainGroup = AB304E0D2C296E0E00DC94D6;
			packageReferences = (
				AB304E492C29830100DC94D6 /* XCRemoteSwiftPackageReference "CountryPicker" */,
			);
			productRefGroup = AB304E172C296E0E00DC94D6 /* Products */;
			projectDirPath = "";
			projectRoot = "";
			targets = (
				AB304E152C296E0E00DC94D6 /* OnlineGroceries */,
			);
		};
/* End PBXProject section */

/* Begin PBXResourcesBuildPhase section */
		AB304E142C296E0E00DC94D6 /* Resources */ = {
			isa = PBXResourcesBuildPhase;
			buildActionMask = 2147483647;
			files = (
				AB304E212C296E1000DC94D6 /* Preview Assets.xcassets in Resources */,
				AB304E352C29709D00DC94D6 /* Gilroy-Medium.ttf in Resources */,
				AB304E1E2C296E1000DC94D6 /* Assets.xcassets in Resources */,
				AB304E382C29709D00DC94D6 /* Gilroy-Bold.ttf in Resources */,
				AB304E372C29709D00DC94D6 /* Gilroy-SemiBold.ttf in Resources */,
				AB304E362C29709D00DC94D6 /* Gilroy-Regular.ttf in Resources */,
				AB304E422C29727700DC94D6 /* Launch Screen.storyboard in Resources */,
			);
			runOnlyForDeploymentPostprocessing = 0;
		};
/* End PBXResourcesBuildPhase section */

/* Begin PBXSourcesBuildPhase section */
		AB304E122C296E0E00DC94D6 /* Sources */ = {
			isa = PBXSourcesBuildPhase;
			buildActionMask = 2147483647;
			files = (
				AB304E4D2C29837200DC94D6 /* CountryPickerUI.swift in Sources */,
				AB304E462C297B5900DC94D6 /* RoundButton.swift in Sources */,
				AB304E1A2C296E0E00DC94D6 /* OnlineGroceriesApp.swift in Sources */,
				AB304E442C29763700DC94D6 /* UIExtension.swift in Sources */,
				AB304E402C29723200DC94D6 /* WelcomeView.swift in Sources */,
				AB304E482C297CFE00DC94D6 /* SignInView.swift in Sources */,
			);
			runOnlyForDeploymentPostprocessing = 0;
		};
/* End PBXSourcesBuildPhase section */

/* Begin XCBuildConfiguration section */
		AB304E222C296E1000DC94D6 /* Debug */ = {
			isa = XCBuildConfiguration;
			buildSettings = {
				ALWAYS_SEARCH_USER_PATHS = NO;
				CLANG_ANALYZER_NONNULL = YES;
				CLANG_ANALYZER_NUMBER_OBJECT_CONVERSION = YES_AGGRESSIVE;
				CLANG_CXX_LANGUAGE_STANDARD = "gnu++20";
				CLANG_ENABLE_MODULES = YES;
				CLANG_ENABLE_OBJC_ARC = YES;
				CLANG_ENABLE_OBJC_WEAK = YES;
				CLANG_WARN_BLOCK_CAPTURE_AUTORELEASING = YES;
				CLANG_WARN_BOOL_CONVERSION = YES;
				CLANG_WARN_COMMA = YES;
				CLANG_WARN_CONSTANT_CONVERSION = YES;
				CLANG_WARN_DEPRECATED_OBJC_IMPLEMENTATIONS = YES;
				CLANG_WARN_DIRECT_OBJC_ISA_USAGE = YES_ERROR;
				CLANG_WARN_DOCUMENTATION_COMMENTS = YES;
				CLANG_WARN_EMPTY_BODY = YES;
				CLANG_WARN_ENUM_CONVERSION = YES;
				CLANG_WARN_INFINITE_RECURSION = YES;
				CLANG_WARN_INT_CONVERSION = YES;
				CLANG_WARN_NON_LITERAL_NULL_CONVERSION = YES;
				CLANG_WARN_OBJC_IMPLICIT_RETAIN_SELF = YES;
				CLANG_WARN_OBJC_LITERAL_CONVERSION = YES;
				CLANG_WARN_OBJC_ROOT_CLASS = YES_ERROR;
				CLANG_WARN_QUOTED_INCLUDE_IN_FRAMEWORK_HEADER = YES;
				CLANG_WARN_RANGE_LOOP_ANALYSIS = YES;
				CLANG_WARN_STRICT_PROTOTYPES = YES;
				CLANG_WARN_SUSPICIOUS_MOVE = YES;
				CLANG_WARN_UNGUARDED_AVAILABILITY = YES_AGGRESSIVE;
				CLANG_WARN_UNREACHABLE_CODE = YES;
				CLANG_WARN__DUPLICATE_METHOD_MATCH = YES;
				COPY_PHASE_STRIP = NO;
				DEBUG_INFORMATION_FORMAT = dwarf;
				ENABLE_STRICT_OBJC_MSGSEND = YES;
				ENABLE_TESTABILITY = YES;
				GCC_C_LANGUAGE_STANDARD = gnu11;
				GCC_DYNAMIC_NO_PIC = NO;
				GCC_NO_COMMON_BLOCKS = YES;
				GCC_OPTIMIZATION_LEVEL = 0;
				GCC_PREPROCESSOR_DEFINITIONS = (
					"DEBUG=1",
					"$(inherited)",
				);
				GCC_WARN_64_TO_32_BIT_CONVERSION = YES;
				GCC_WARN_ABOUT_RETURN_TYPE = YES_ERROR;
				GCC_WARN_UNDECLARED_SELECTOR = YES;
				GCC_WARN_UNINITIALIZED_AUTOS = YES_AGGRESSIVE;
				GCC_WARN_UNUSED_FUNCTION = YES;
				GCC_WARN_UNUSED_VARIABLE = YES;
				IPHONEOS_DEPLOYMENT_TARGET = 16.4;
				MTL_ENABLE_DEBUG_INFO = INCLUDE_SOURCE;
				MTL_FAST_MATH = YES;
				ONLY_ACTIVE_ARCH = YES;
				SDKROOT = iphoneos;
				SWIFT_ACTIVE_COMPILATION_CONDITIONS = DEBUG;
				SWIFT_OPTIMIZATION_LEVEL = "-Onone";
			};
			name = Debug;
		};
		AB304E232C296E1000DC94D6 /* Release */ = {
			isa = XCBuildConfiguration;
			buildSettings = {
				ALWAYS_SEARCH_USER_PATHS = NO;
				CLANG_ANALYZER_NONNULL = YES;
				CLANG_ANALYZER_NUMBER_OBJECT_CONVERSION = YES_AGGRESSIVE;
				CLANG_CXX_LANGUAGE_STANDARD = "gnu++20";
				CLANG_ENABLE_MODULES = YES;
				CLANG_ENABLE_OBJC_ARC = YES;
				CLANG_ENABLE_OBJC_WEAK = YES;
				CLANG_WARN_BLOCK_CAPTURE_AUTORELEASING = YES;
				CLANG_WARN_BOOL_CONVERSION = YES;
				CLANG_WARN_COMMA = YES;
				CLANG_WARN_CONSTANT_CONVERSION = YES;
				CLANG_WARN_DEPRECATED_OBJC_IMPLEMENTATIONS = YES;
				CLANG_WARN_DIRECT_OBJC_ISA_USAGE = YES_ERROR;
				CLANG_WARN_DOCUMENTATION_COMMENTS = YES;
				CLANG_WARN_EMPTY_BODY = YES;
				CLANG_WARN_ENUM_CONVERSION = YES;
				CLANG_WARN_INFINITE_RECURSION = YES;
				CLANG_WARN_INT_CONVERSION = YES;
				CLANG_WARN_NON_LITERAL_NULL_CONVERSION = YES;
				CLANG_WARN_OBJC_IMPLICIT_RETAIN_SELF = YES;
				CLANG_WARN_OBJC_LITERAL_CONVERSION = YES;
				CLANG_WARN_OBJC_ROOT_CLASS = YES_ERROR;
				CLANG_WARN_QUOTED_INCLUDE_IN_FRAMEWORK_HEADER = YES;
				CLANG_WARN_RANGE_LOOP_ANALYSIS = YES;
				CLANG_WARN_STRICT_PROTOTYPES = YES;
				CLANG_WARN_SUSPICIOUS_MOVE = YES;
				CLANG_WARN_UNGUARDED_AVAILABILITY = YES_AGGRESSIVE;
				CLANG_WARN_UNREACHABLE_CODE = YES;
				CLANG_WARN__DUPLICATE_METHOD_MATCH = YES;
				COPY_PHASE_STRIP = NO;
				DEBUG_INFORMATION_FORMAT = "dwarf-with-dsym";
				ENABLE_NS_ASSERTIONS = NO;
				ENABLE_STRICT_OBJC_MSGSEND = YES;
				GCC_C_LANGUAGE_STANDARD = gnu11;
				GCC_NO_COMMON_BLOCKS = YES;
				GCC_WARN_64_TO_32_BIT_CONVERSION = YES;
				GCC_WARN_ABOUT_RETURN_TYPE = YES_ERROR;
				GCC_WARN_UNDECLARED_SELECTOR = YES;
				GCC_WARN_UNINITIALIZED_AUTOS = YES_AGGRESSIVE;
				GCC_WARN_UNUSED_FUNCTION = YES;
				GCC_WARN_UNUSED_VARIABLE = YES;
				IPHONEOS_DEPLOYMENT_TARGET = 16.4;
				MTL_ENABLE_DEBUG_INFO = NO;
				MTL_FAST_MATH = YES;
				SDKROOT = iphoneos;
				SWIFT_COMPILATION_MODE = wholemodule;
				SWIFT_OPTIMIZATION_LEVEL = "-O";
				VALIDATE_PRODUCT = YES;
			};
			name = Release;
		};
		AB304E252C296E1000DC94D6 /* Debug */ = {
			isa = XCBuildConfiguration;
			buildSettings = {
				ASSETCATALOG_COMPILER_APPICON_NAME = AppIcon;
				ASSETCATALOG_COMPILER_GLOBAL_ACCENT_COLOR_NAME = AccentColor;
				CODE_SIGN_STYLE = Automatic;
				CURRENT_PROJECT_VERSION = 1;
				DEVELOPMENT_ASSET_PATHS = "\"OnlineGroceries/Preview Content\"";
				ENABLE_PREVIEWS = YES;
				GENERATE_INFOPLIST_FILE = YES;
				INFOPLIST_FILE = OnlineGroceries/Info.plist;
				INFOPLIST_KEY_UIApplicationSceneManifest_Generation = YES;
				INFOPLIST_KEY_UIApplicationSupportsIndirectInputEvents = YES;
				INFOPLIST_KEY_UILaunchScreen_Generation = YES;
				INFOPLIST_KEY_UILaunchStoryboardName = "Launch Screen.storyboard";
				INFOPLIST_KEY_UIStatusBarHidden = YES;
				INFOPLIST_KEY_UISupportedInterfaceOrientations = UIInterfaceOrientationPortrait;
				IPHONEOS_DEPLOYMENT_TARGET = 14.0;
				LD_RUNPATH_SEARCH_PATHS = (
					"$(inherited)",
					"@executable_path/Frameworks",
				);
				MARKETING_VERSION = 1.0;
				PRODUCT_BUNDLE_IDENTIFIER = com.bensek.OnlineGroceries;
				PRODUCT_NAME = "$(TARGET_NAME)";
				SUPPORTED_PLATFORMS = "iphoneos iphonesimulator";
				SUPPORTS_MACCATALYST = NO;
				SUPPORTS_MAC_DESIGNED_FOR_IPHONE_IPAD = NO;
				SWIFT_EMIT_LOC_STRINGS = YES;
				SWIFT_VERSION = 5.0;
				TARGETED_DEVICE_FAMILY = 1;
			};
			name = Debug;
		};
		AB304E262C296E1000DC94D6 /* Release */ = {
			isa = XCBuildConfiguration;
			buildSettings = {
				ASSETCATALOG_COMPILER_APPICON_NAME = AppIcon;
				ASSETCATALOG_COMPILER_GLOBAL_ACCENT_COLOR_NAME = AccentColor;
				CODE_SIGN_STYLE = Automatic;
				CURRENT_PROJECT_VERSION = 1;
				DEVELOPMENT_ASSET_PATHS = "\"OnlineGroceries/Preview Content\"";
				ENABLE_PREVIEWS = YES;
				GENERATE_INFOPLIST_FILE = YES;
				INFOPLIST_FILE = OnlineGroceries/Info.plist;
				INFOPLIST_KEY_UIApplicationSceneManifest_Generation = YES;
				INFOPLIST_KEY_UIApplicationSupportsIndirectInputEvents = YES;
				INFOPLIST_KEY_UILaunchScreen_Generation = YES;
				INFOPLIST_KEY_UILaunchStoryboardName = "Launch Screen.storyboard";
				INFOPLIST_KEY_UIStatusBarHidden = YES;
				INFOPLIST_KEY_UISupportedInterfaceOrientations = UIInterfaceOrientationPortrait;
				IPHONEOS_DEPLOYMENT_TARGET = 14.0;
				LD_RUNPATH_SEARCH_PATHS = (
					"$(inherited)",
					"@executable_path/Frameworks",
				);
				MARKETING_VERSION = 1.0;
				PRODUCT_BUNDLE_IDENTIFIER = com.bensek.OnlineGroceries;
				PRODUCT_NAME = "$(TARGET_NAME)";
				SUPPORTED_PLATFORMS = "iphoneos iphonesimulator";
				SUPPORTS_MACCATALYST = NO;
				SUPPORTS_MAC_DESIGNED_FOR_IPHONE_IPAD = NO;
				SWIFT_EMIT_LOC_STRINGS = YES;
				SWIFT_VERSION = 5.0;
				TARGETED_DEVICE_FAMILY = 1;
			};
			name = Release;
		};
/* End XCBuildConfiguration section */

/* Begin XCConfigurationList section */
		AB304E112C296E0E00DC94D6 /* Build configuration list for PBXProject "OnlineGroceries" */ = {
			isa = XCConfigurationList;
			buildConfigurations = (
				AB304E222C296E1000DC94D6 /* Debug */,
				AB304E232C296E1000DC94D6 /* Release */,
			);
			defaultConfigurationIsVisible = 0;
			defaultConfigurationName = Release;
		};
		AB304E242C296E1000DC94D6 /* Build configuration list for PBXNativeTarget "OnlineGroceries" */ = {
			isa = XCConfigurationList;
			buildConfigurations = (
				AB304E252C296E1000DC94D6 /* Debug */,
				AB304E262C296E1000DC94D6 /* Release */,
			);
			defaultConfigurationIsVisible = 0;
			defaultConfigurationName = Release;
		};
/* End XCConfigurationList section */

/* Begin XCRemoteSwiftPackageReference section */
		AB304E492C29830100DC94D6 /* XCRemoteSwiftPackageReference "CountryPicker" */ = {
			isa = XCRemoteSwiftPackageReference;
			repositoryURL = "https://github.com/mobven/CountryPicker.git";
			requirement = {
				kind = upToNextMajorVersion;
				minimumVersion = 2.0.0;
			};
		};
/* End XCRemoteSwiftPackageReference section */

/* Begin XCSwiftPackageProductDependency section */
		AB304E4A2C29830100DC94D6 /* CountryPicker */ = {
			isa = XCSwiftPackageProductDependency;
			package = AB304E492C29830100DC94D6 /* XCRemoteSwiftPackageReference "CountryPicker" */;
			productName = CountryPicker;
		};
/* End XCSwiftPackageProductDependency section */
	};
	rootObject = AB304E0E2C296E0E00DC94D6 /* Project object */;
}
